PODS:
  - Masonry (1.1.0)
  - YYNavigation (0.3.8):
    - YYNavigation/YYNavigationAnimation (= 0.3.8)
    - YYNavigation/YYNavigationBase (= 0.3.8)
    - YYNavigation/YYNavigationCategory (= 0.3.8)
    - YYNavigation/YYNavigationMacro (= 0.3.8)
  - YYNavigation/YYNavigationAnimation (0.3.8):
    - YYNavigation/YYNavigationCategory
  - YYNavigation/YYNavigationBase (0.3.8):
    - YYNavigation/YYNavigationAnimation
    - YYNavigation/YYNavigationCategory
    - YYNavigation/YYNavigationMacro
  - YYNavigation/YYNavigationCategory (0.3.8)
  - YYNavigation/YYNavigationMacro (0.3.8)

DEPENDENCIES:
  - Masonry
  - YYNavigation (from `~/Downloads/yynavigation/YYNavigation.podspec`)

SPEC REPOS:
  https://gitee.com/mirrors/CocoaPods-Specs.git:
    - Masonry

EXTERNAL SOURCES:
  YYNavigation:
    :path: "~/Downloads/yynavigation/YYNavigation.podspec"

SPEC CHECKSUMS:
  Masonry: 678fab65091a9290e40e2832a55e7ab731aad201
  YYNavigation: 2224a1e4b4bfa06d69da5216c9f25ca2e64505f4

PODFILE CHECKSUM: 32d37946a6ea77579b1a8c150b686350cbcf2e5d

COCOAPODS: 1.16.2
