// !$*UTF8*$!
{
	archiveVersion = 1;
	classes = {
	};
	objectVersion = 46;
	objects = {

/* Begin PBXBuildFile section */
		DD13837A1D51966F007D2290 /* README.md in Sources */ = {isa = PBXBuildFile; fileRef = DD1382E31D51966F007D2290 /* README.md */; };
		DD1383B51D51966F007D2290 /* AppDelegate.m in Sources */ = {isa = PBXBuildFile; fileRef = DD13835B1D51966F007D2290 /* AppDelegate.m */; };
		DD1383B61D51966F007D2290 /* Assets.xcassets in Resources */ = {isa = PBXBuildFile; fileRef = DD13835C1D51966F007D2290 /* Assets.xcassets */; };
		DD1383B71D51966F007D2290 /* Main.storyboard in Resources */ = {isa = PBXBuildFile; fileRef = DD13835D1D51966F007D2290 /* Main.storyboard */; };
		DD1383B81D51966F007D2290 /* FirstViewController.m in Sources */ = {isa = PBXBuildFile; fileRef = DD1383601D51966F007D2290 /* FirstViewController.m */; };
		DD1383B91D51966F007D2290 /* Info.plist in Resources */ = {isa = PBXBuildFile; fileRef = DD1383611D51966F007D2290 /* Info.plist */; };
		DD1383BA1D51966F007D2290 /* main.m in Sources */ = {isa = PBXBuildFile; fileRef = DD1383621D51966F007D2290 /* main.m */; };
		DD1383BD1D51966F007D2290 /* SecondViewController.m in Sources */ = {isa = PBXBuildFile; fileRef = DD13836C1D51966F007D2290 /* SecondViewController.m */; };
		DD1383BE1D51966F007D2290 /* ThirdViewController.m in Sources */ = {isa = PBXBuildFile; fileRef = DD13836E1D51966F007D2290 /* ThirdViewController.m */; };
		DDC633031D519F3300B0BD90 /* RootNavigationVC.m in Sources */ = {isa = PBXBuildFile; fileRef = DDC632F61D519F3300B0BD90 /* RootNavigationVC.m */; };
		DDC633041D519F3300B0BD90 /* RootVC.m in Sources */ = {isa = PBXBuildFile; fileRef = DDC632F81D519F3300B0BD90 /* RootVC.m */; };
		DDC633051D519F3300B0BD90 /* UIView+Other.m in Sources */ = {isa = PBXBuildFile; fileRef = DDC632FB1D519F3300B0BD90 /* UIView+Other.m */; };
		DDC633061D519F3300B0BD90 /* YYBarButton.m in Sources */ = {isa = PBXBuildFile; fileRef = DDC632FE1D519F3300B0BD90 /* YYBarButton.m */; };
		DDC633071D519F3300B0BD90 /* YYNavigationBar.m in Sources */ = {isa = PBXBuildFile; fileRef = DDC633001D519F3300B0BD90 /* YYNavigationBar.m */; };
		DDC633081D519F3300B0BD90 /* YYNavigationItem.m in Sources */ = {isa = PBXBuildFile; fileRef = DDC633021D519F3300B0BD90 /* YYNavigationItem.m */; };
/* End PBXBuildFile section */

/* Begin PBXFileReference section */
		DD1382E31D51966F007D2290 /* README.md */ = {isa = PBXFileReference; fileEncoding = 4; lastKnownFileType = net.daringfireball.markdown; path = README.md; sourceTree = "<group>"; };
		DD13835A1D51966F007D2290 /* AppDelegate.h */ = {isa = PBXFileReference; fileEncoding = 4; lastKnownFileType = sourcecode.c.h; path = AppDelegate.h; sourceTree = "<group>"; };
		DD13835B1D51966F007D2290 /* AppDelegate.m */ = {isa = PBXFileReference; fileEncoding = 4; lastKnownFileType = sourcecode.c.objc; path = AppDelegate.m; sourceTree = "<group>"; };
		DD13835C1D51966F007D2290 /* Assets.xcassets */ = {isa = PBXFileReference; lastKnownFileType = folder.assetcatalog; path = Assets.xcassets; sourceTree = "<group>"; };
		DD13835E1D51966F007D2290 /* Base */ = {isa = PBXFileReference; lastKnownFileType = file.storyboard; name = Base; path = Base.lproj/Main.storyboard; sourceTree = "<group>"; };
		DD13835F1D51966F007D2290 /* FirstViewController.h */ = {isa = PBXFileReference; fileEncoding = 4; lastKnownFileType = sourcecode.c.h; path = FirstViewController.h; sourceTree = "<group>"; };
		DD1383601D51966F007D2290 /* FirstViewController.m */ = {isa = PBXFileReference; fileEncoding = 4; lastKnownFileType = sourcecode.c.objc; path = FirstViewController.m; sourceTree = "<group>"; };
		DD1383611D51966F007D2290 /* Info.plist */ = {isa = PBXFileReference; fileEncoding = 4; lastKnownFileType = text.plist.xml; name = Info.plist; path = YYNavigationBarExample/Info.plist; sourceTree = "<group>"; };
		DD1383621D51966F007D2290 /* main.m */ = {isa = PBXFileReference; fileEncoding = 4; lastKnownFileType = sourcecode.c.objc; name = main.m; path = YYNavigationBarExample/main.m; sourceTree = "<group>"; };
		DD1383631D51966F007D2290 /* PCHDefine.h */ = {isa = PBXFileReference; fileEncoding = 4; lastKnownFileType = sourcecode.c.h; name = PCHDefine.h; path = YYNavigationBarExample/PCHDefine.h; sourceTree = "<group>"; };
		DD1383641D51966F007D2290 /* PCHHeader.h */ = {isa = PBXFileReference; fileEncoding = 4; lastKnownFileType = sourcecode.c.h; name = PCHHeader.h; path = YYNavigationBarExample/PCHHeader.h; sourceTree = "<group>"; };
		DD1383651D51966F007D2290 /* PrefixHeader.pch */ = {isa = PBXFileReference; fileEncoding = 4; lastKnownFileType = sourcecode.c.h; name = PrefixHeader.pch; path = YYNavigationBarExample/PrefixHeader.pch; sourceTree = "<group>"; };
		DD13836B1D51966F007D2290 /* SecondViewController.h */ = {isa = PBXFileReference; fileEncoding = 4; lastKnownFileType = sourcecode.c.h; path = SecondViewController.h; sourceTree = "<group>"; };
		DD13836C1D51966F007D2290 /* SecondViewController.m */ = {isa = PBXFileReference; fileEncoding = 4; lastKnownFileType = sourcecode.c.objc; path = SecondViewController.m; sourceTree = "<group>"; };
		DD13836D1D51966F007D2290 /* ThirdViewController.h */ = {isa = PBXFileReference; fileEncoding = 4; lastKnownFileType = sourcecode.c.h; path = ThirdViewController.h; sourceTree = "<group>"; };
		DD13836E1D51966F007D2290 /* ThirdViewController.m */ = {isa = PBXFileReference; fileEncoding = 4; lastKnownFileType = sourcecode.c.objc; path = ThirdViewController.m; sourceTree = "<group>"; };
		DD1383C91D519987007D2290 /* YYNavigationBarExample.app */ = {isa = PBXFileReference; explicitFileType = wrapper.application; includeInIndex = 0; path = YYNavigationBarExample.app; sourceTree = BUILT_PRODUCTS_DIR; };
		DDC632F51D519F3300B0BD90 /* RootNavigationVC.h */ = {isa = PBXFileReference; fileEncoding = 4; lastKnownFileType = sourcecode.c.h; path = RootNavigationVC.h; sourceTree = "<group>"; };
		DDC632F61D519F3300B0BD90 /* RootNavigationVC.m */ = {isa = PBXFileReference; fileEncoding = 4; lastKnownFileType = sourcecode.c.objc; path = RootNavigationVC.m; sourceTree = "<group>"; };
		DDC632F71D519F3300B0BD90 /* RootVC.h */ = {isa = PBXFileReference; fileEncoding = 4; lastKnownFileType = sourcecode.c.h; path = RootVC.h; sourceTree = "<group>"; };
		DDC632F81D519F3300B0BD90 /* RootVC.m */ = {isa = PBXFileReference; fileEncoding = 4; lastKnownFileType = sourcecode.c.objc; path = RootVC.m; sourceTree = "<group>"; };
		DDC632FA1D519F3300B0BD90 /* UIView+Other.h */ = {isa = PBXFileReference; fileEncoding = 4; lastKnownFileType = sourcecode.c.h; path = "UIView+Other.h"; sourceTree = "<group>"; };
		DDC632FB1D519F3300B0BD90 /* UIView+Other.m */ = {isa = PBXFileReference; fileEncoding = 4; lastKnownFileType = sourcecode.c.objc; path = "UIView+Other.m"; sourceTree = "<group>"; };
		DDC632FD1D519F3300B0BD90 /* YYBarButton.h */ = {isa = PBXFileReference; fileEncoding = 4; lastKnownFileType = sourcecode.c.h; path = YYBarButton.h; sourceTree = "<group>"; };
		DDC632FE1D519F3300B0BD90 /* YYBarButton.m */ = {isa = PBXFileReference; fileEncoding = 4; lastKnownFileType = sourcecode.c.objc; path = YYBarButton.m; sourceTree = "<group>"; };
		DDC632FF1D519F3300B0BD90 /* YYNavigationBar.h */ = {isa = PBXFileReference; fileEncoding = 4; lastKnownFileType = sourcecode.c.h; path = YYNavigationBar.h; sourceTree = "<group>"; };
		DDC633001D519F3300B0BD90 /* YYNavigationBar.m */ = {isa = PBXFileReference; fileEncoding = 4; lastKnownFileType = sourcecode.c.objc; path = YYNavigationBar.m; sourceTree = "<group>"; };
		DDC633011D519F3300B0BD90 /* YYNavigationItem.h */ = {isa = PBXFileReference; fileEncoding = 4; lastKnownFileType = sourcecode.c.h; path = YYNavigationItem.h; sourceTree = "<group>"; };
		DDC633021D519F3300B0BD90 /* YYNavigationItem.m */ = {isa = PBXFileReference; fileEncoding = 4; lastKnownFileType = sourcecode.c.objc; path = YYNavigationItem.m; sourceTree = "<group>"; };
/* End PBXFileReference section */

/* Begin PBXFrameworksBuildPhase section */
		DD30F13F1D4B0F7900389CBE /* Frameworks */ = {
			isa = PBXFrameworksBuildPhase;
			buildActionMask = 2147483647;
			files = (
			);
			runOnlyForDeploymentPostprocessing = 0;
		};
/* End PBXFrameworksBuildPhase section */

/* Begin PBXGroup section */
		DD1383591D51966F007D2290 /* YYNavigationBarExample */ = {
			isa = PBXGroup;
			children = (
				DDC632F41D519F3300B0BD90 /* RootVC */,
				DDC632F91D519F3300B0BD90 /* UIView+Other */,
				DDC632FC1D519F3300B0BD90 /* YYNavigationBar */,
				DD13835A1D51966F007D2290 /* AppDelegate.h */,
				DD13835B1D51966F007D2290 /* AppDelegate.m */,
				DD13835C1D51966F007D2290 /* Assets.xcassets */,
				DD13835D1D51966F007D2290 /* Main.storyboard */,
				DD13835F1D51966F007D2290 /* FirstViewController.h */,
				DD1383601D51966F007D2290 /* FirstViewController.m */,
				DD13836B1D51966F007D2290 /* SecondViewController.h */,
				DD13836C1D51966F007D2290 /* SecondViewController.m */,
				DD13836D1D51966F007D2290 /* ThirdViewController.h */,
				DD13836E1D51966F007D2290 /* ThirdViewController.m */,
				DD1383C41D5196AE007D2290 /* Supporting Files */,
			);
			path = YYNavigationBarExample;
			sourceTree = "<group>";
		};
		DD1383C41D5196AE007D2290 /* Supporting Files */ = {
			isa = PBXGroup;
			children = (
				DD1383611D51966F007D2290 /* Info.plist */,
				DD1383621D51966F007D2290 /* main.m */,
				DD1383631D51966F007D2290 /* PCHDefine.h */,
				DD1383641D51966F007D2290 /* PCHHeader.h */,
				DD1383651D51966F007D2290 /* PrefixHeader.pch */,
				DD1383C91D519987007D2290 /* YYNavigationBarExample.app */,
			);
			name = "Supporting Files";
			path = ..;
			sourceTree = "<group>";
		};
		DD30F1391D4B0F7900389CBE = {
			isa = PBXGroup;
			children = (
				DD1382E31D51966F007D2290 /* README.md */,
				DD1383591D51966F007D2290 /* YYNavigationBarExample */,
			);
			sourceTree = "<group>";
		};
		DDC632F41D519F3300B0BD90 /* RootVC */ = {
			isa = PBXGroup;
			children = (
				DDC632F51D519F3300B0BD90 /* RootNavigationVC.h */,
				DDC632F61D519F3300B0BD90 /* RootNavigationVC.m */,
				DDC632F71D519F3300B0BD90 /* RootVC.h */,
				DDC632F81D519F3300B0BD90 /* RootVC.m */,
			);
			path = RootVC;
			sourceTree = "<group>";
		};
		DDC632F91D519F3300B0BD90 /* UIView+Other */ = {
			isa = PBXGroup;
			children = (
				DDC632FA1D519F3300B0BD90 /* UIView+Other.h */,
				DDC632FB1D519F3300B0BD90 /* UIView+Other.m */,
			);
			path = "UIView+Other";
			sourceTree = "<group>";
		};
		DDC632FC1D519F3300B0BD90 /* YYNavigationBar */ = {
			isa = PBXGroup;
			children = (
				DDC632FD1D519F3300B0BD90 /* YYBarButton.h */,
				DDC632FE1D519F3300B0BD90 /* YYBarButton.m */,
				DDC632FF1D519F3300B0BD90 /* YYNavigationBar.h */,
				DDC633001D519F3300B0BD90 /* YYNavigationBar.m */,
				DDC633011D519F3300B0BD90 /* YYNavigationItem.h */,
				DDC633021D519F3300B0BD90 /* YYNavigationItem.m */,
			);
			path = YYNavigationBar;
			sourceTree = "<group>";
		};
/* End PBXGroup section */

/* Begin PBXNativeTarget section */
		DD30F1411D4B0F7900389CBE /* YYNavigationBarExample */ = {
			isa = PBXNativeTarget;
			buildConfigurationList = DD30F1591D4B0F7900389CBE /* Build configuration list for PBXNativeTarget "YYNavigationBarExample" */;
			buildPhases = (
				DD30F13E1D4B0F7900389CBE /* Sources */,
				DD30F13F1D4B0F7900389CBE /* Frameworks */,
				DD30F1401D4B0F7900389CBE /* Resources */,
			);
			buildRules = (
			);
			dependencies = (
			);
			name = YYNavigationBarExample;
			productName = YYNavigationBar;
			productReference = DD1383C91D519987007D2290 /* YYNavigationBarExample.app */;
			productType = "com.apple.product-type.application";
		};
/* End PBXNativeTarget section */

/* Begin PBXProject section */
		DD30F13A1D4B0F7900389CBE /* Project object */ = {
			isa = PBXProject;
			attributes = {
				LastUpgradeCheck = 0730;
				ORGANIZATIONNAME = "机智的静默( http://www.cnblogs.com/jingmo/ )";
				TargetAttributes = {
					DD30F1411D4B0F7900389CBE = {
						CreatedOnToolsVersion = 7.3.1;
					};
				};
			};
			buildConfigurationList = DD30F13D1D4B0F7900389CBE /* Build configuration list for PBXProject "YYNavigationBarExample" */;
			compatibilityVersion = "Xcode 3.2";
			developmentRegion = English;
			hasScannedForEncodings = 0;
			knownRegions = (
				en,
				Base,
			);
			mainGroup = DD30F1391D4B0F7900389CBE;
			productRefGroup = DD30F1391D4B0F7900389CBE;
			projectDirPath = "";
			projectRoot = "";
			targets = (
				DD30F1411D4B0F7900389CBE /* YYNavigationBarExample */,
			);
		};
/* End PBXProject section */

/* Begin PBXResourcesBuildPhase section */
		DD30F1401D4B0F7900389CBE /* Resources */ = {
			isa = PBXResourcesBuildPhase;
			buildActionMask = 2147483647;
			files = (
				DD1383B61D51966F007D2290 /* Assets.xcassets in Resources */,
				DD1383B71D51966F007D2290 /* Main.storyboard in Resources */,
				DD1383B91D51966F007D2290 /* Info.plist in Resources */,
			);
			runOnlyForDeploymentPostprocessing = 0;
		};
/* End PBXResourcesBuildPhase section */

/* Begin PBXSourcesBuildPhase section */
		DD30F13E1D4B0F7900389CBE /* Sources */ = {
			isa = PBXSourcesBuildPhase;
			buildActionMask = 2147483647;
			files = (
				DDC633041D519F3300B0BD90 /* RootVC.m in Sources */,
				DDC633051D519F3300B0BD90 /* UIView+Other.m in Sources */,
				DDC633081D519F3300B0BD90 /* YYNavigationItem.m in Sources */,
				DD1383BE1D51966F007D2290 /* ThirdViewController.m in Sources */,
				DD1383BD1D51966F007D2290 /* SecondViewController.m in Sources */,
				DD1383BA1D51966F007D2290 /* main.m in Sources */,
				DDC633071D519F3300B0BD90 /* YYNavigationBar.m in Sources */,
				DD1383B51D51966F007D2290 /* AppDelegate.m in Sources */,
				DDC633031D519F3300B0BD90 /* RootNavigationVC.m in Sources */,
				DD1383B81D51966F007D2290 /* FirstViewController.m in Sources */,
				DD13837A1D51966F007D2290 /* README.md in Sources */,
				DDC633061D519F3300B0BD90 /* YYBarButton.m in Sources */,
			);
			runOnlyForDeploymentPostprocessing = 0;
		};
/* End PBXSourcesBuildPhase section */

/* Begin PBXVariantGroup section */
		DD13835D1D51966F007D2290 /* Main.storyboard */ = {
			isa = PBXVariantGroup;
			children = (
				DD13835E1D51966F007D2290 /* Base */,
			);
			name = Main.storyboard;
			sourceTree = "<group>";
		};
/* End PBXVariantGroup section */

/* Begin XCBuildConfiguration section */
		DD30F1571D4B0F7900389CBE /* Debug */ = {
			isa = XCBuildConfiguration;
			buildSettings = {
				ALWAYS_SEARCH_USER_PATHS = NO;
				CLANG_ANALYZER_NONNULL = YES;
				CLANG_CXX_LANGUAGE_STANDARD = "gnu++0x";
				CLANG_CXX_LIBRARY = "libc++";
				CLANG_ENABLE_MODULES = YES;
				CLANG_ENABLE_OBJC_ARC = YES;
				CLANG_WARN_BOOL_CONVERSION = YES;
				CLANG_WARN_CONSTANT_CONVERSION = YES;
				CLANG_WARN_DIRECT_OBJC_ISA_USAGE = YES_ERROR;
				CLANG_WARN_EMPTY_BODY = YES;
				CLANG_WARN_ENUM_CONVERSION = YES;
				CLANG_WARN_INT_CONVERSION = YES;
				CLANG_WARN_OBJC_ROOT_CLASS = YES_ERROR;
				CLANG_WARN_UNREACHABLE_CODE = YES;
				CLANG_WARN__DUPLICATE_METHOD_MATCH = YES;
				"CODE_SIGN_IDENTITY[sdk=iphoneos*]" = "iPhone Developer";
				COPY_PHASE_STRIP = NO;
				DEBUG_INFORMATION_FORMAT = dwarf;
				ENABLE_STRICT_OBJC_MSGSEND = YES;
				ENABLE_TESTABILITY = YES;
				GCC_C_LANGUAGE_STANDARD = gnu99;
				GCC_DYNAMIC_NO_PIC = NO;
				GCC_NO_COMMON_BLOCKS = YES;
				GCC_OPTIMIZATION_LEVEL = 0;
				GCC_PREPROCESSOR_DEFINITIONS = (
					"DEBUG=1",
					"$(inherited)",
				);
				GCC_WARN_64_TO_32_BIT_CONVERSION = YES;
				GCC_WARN_ABOUT_RETURN_TYPE = YES_ERROR;
				GCC_WARN_UNDECLARED_SELECTOR = YES;
				GCC_WARN_UNINITIALIZED_AUTOS = YES_AGGRESSIVE;
				GCC_WARN_UNUSED_FUNCTION = YES;
				GCC_WARN_UNUSED_VARIABLE = YES;
				IPHONEOS_DEPLOYMENT_TARGET = 9.3;
				MTL_ENABLE_DEBUG_INFO = YES;
				ONLY_ACTIVE_ARCH = YES;
				SDKROOT = iphoneos;
			};
			name = Debug;
		};
		DD30F1581D4B0F7900389CBE /* Release */ = {
			isa = XCBuildConfiguration;
			buildSettings = {
				ALWAYS_SEARCH_USER_PATHS = NO;
				CLANG_ANALYZER_NONNULL = YES;
				CLANG_CXX_LANGUAGE_STANDARD = "gnu++0x";
				CLANG_CXX_LIBRARY = "libc++";
				CLANG_ENABLE_MODULES = YES;
				CLANG_ENABLE_OBJC_ARC = YES;
				CLANG_WARN_BOOL_CONVERSION = YES;
				CLANG_WARN_CONSTANT_CONVERSION = YES;
				CLANG_WARN_DIRECT_OBJC_ISA_USAGE = YES_ERROR;
				CLANG_WARN_EMPTY_BODY = YES;
				CLANG_WARN_ENUM_CONVERSION = YES;
				CLANG_WARN_INT_CONVERSION = YES;
				CLANG_WARN_OBJC_ROOT_CLASS = YES_ERROR;
				CLANG_WARN_UNREACHABLE_CODE = YES;
				CLANG_WARN__DUPLICATE_METHOD_MATCH = YES;
				"CODE_SIGN_IDENTITY[sdk=iphoneos*]" = "iPhone Developer";
				COPY_PHASE_STRIP = NO;
				DEBUG_INFORMATION_FORMAT = "dwarf-with-dsym";
				ENABLE_NS_ASSERTIONS = NO;
				ENABLE_STRICT_OBJC_MSGSEND = YES;
				GCC_C_LANGUAGE_STANDARD = gnu99;
				GCC_NO_COMMON_BLOCKS = YES;
				GCC_WARN_64_TO_32_BIT_CONVERSION = YES;
				GCC_WARN_ABOUT_RETURN_TYPE = YES_ERROR;
				GCC_WARN_UNDECLARED_SELECTOR = YES;
				GCC_WARN_UNINITIALIZED_AUTOS = YES_AGGRESSIVE;
				GCC_WARN_UNUSED_FUNCTION = YES;
				GCC_WARN_UNUSED_VARIABLE = YES;
				IPHONEOS_DEPLOYMENT_TARGET = 9.3;
				MTL_ENABLE_DEBUG_INFO = NO;
				SDKROOT = iphoneos;
				VALIDATE_PRODUCT = YES;
			};
			name = Release;
		};
		DD30F15A1D4B0F7900389CBE /* Debug */ = {
			isa = XCBuildConfiguration;
			buildSettings = {
				ASSETCATALOG_COMPILER_APPICON_NAME = AppIcon;
				ASSETCATALOG_COMPILER_LAUNCHIMAGE_NAME = LaunchImage;
				CODE_SIGN_IDENTITY = "iPhone Developer";
				GCC_PREFIX_HEADER = "$(SRCROOT)/YYNavigationBarExample/PrefixHeader.pch";
				INFOPLIST_FILE = "$(SRCROOT)/YYNavigationBarExample/Info.plist";
				IPHONEOS_DEPLOYMENT_TARGET = 7.0;
				LD_RUNPATH_SEARCH_PATHS = "$(inherited) @executable_path/Frameworks";
				PRODUCT_BUNDLE_IDENTIFIER = com.self.YYNavigationBar;
				PRODUCT_NAME = YYNavigationBarExample;
			};
			name = Debug;
		};
		DD30F15B1D4B0F7900389CBE /* Release */ = {
			isa = XCBuildConfiguration;
			buildSettings = {
				ASSETCATALOG_COMPILER_APPICON_NAME = AppIcon;
				ASSETCATALOG_COMPILER_LAUNCHIMAGE_NAME = LaunchImage;
				CODE_SIGN_IDENTITY = "iPhone Developer";
				GCC_PREFIX_HEADER = "$(SRCROOT)/YYNavigationBarExample/PrefixHeader.pch";
				INFOPLIST_FILE = "$(SRCROOT)/YYNavigationBarExample/Info.plist";
				IPHONEOS_DEPLOYMENT_TARGET = 7.0;
				LD_RUNPATH_SEARCH_PATHS = "$(inherited) @executable_path/Frameworks";
				PRODUCT_BUNDLE_IDENTIFIER = com.self.YYNavigationBar;
				PRODUCT_NAME = YYNavigationBarExample;
			};
			name = Release;
		};
/* End XCBuildConfiguration section */

/* Begin XCConfigurationList section */
		DD30F13D1D4B0F7900389CBE /* Build configuration list for PBXProject "YYNavigationBarExample" */ = {
			isa = XCConfigurationList;
			buildConfigurations = (
				DD30F1571D4B0F7900389CBE /* Debug */,
				DD30F1581D4B0F7900389CBE /* Release */,
			);
			defaultConfigurationIsVisible = 0;
			defaultConfigurationName = Release;
		};
		DD30F1591D4B0F7900389CBE /* Build configuration list for PBXNativeTarget "YYNavigationBarExample" */ = {
			isa = XCConfigurationList;
			buildConfigurations = (
				DD30F15A1D4B0F7900389CBE /* Debug */,
				DD30F15B1D4B0F7900389CBE /* Release */,
			);
			defaultConfigurationIsVisible = 0;
			defaultConfigurationName = Release;
		};
/* End XCConfigurationList section */
	};
	rootObject = DD30F13A1D4B0F7900389CBE /* Project object */;
}
