// !$*UTF8*$!
{
	archiveVersion = 1;
	classes = {
	};
	objectVersion = 46;
	objects = {

/* Begin PBXBuildFile section */
		DD1847761D51C61A00E1C1FA /* main.m in Sources */ = {isa = PBXBuildFile; fileRef = DD1847751D51C61A00E1C1FA /* main.m */; };
		DD1847791D51C61A00E1C1FA /* AppDelegate.m in Sources */ = {isa = PBXBuildFile; fileRef = DD1847781D51C61A00E1C1FA /* AppDelegate.m */; };
		DD1847841D51C61A00E1C1FA /* Assets.xcassets in Resources */ = {isa = PBXBuildFile; fileRef = DD1847831D51C61A00E1C1FA /* Assets.xcassets */; };
		DD1847991D51C74800E1C1FA /* FirstViewController.m in Sources */ = {isa = PBXBuildFile; fileRef = DD1847941D51C74800E1C1FA /* FirstViewController.m */; };
		DD18479A1D51C74800E1C1FA /* SecondViewController.m in Sources */ = {isa = PBXBuildFile; fileRef = DD1847961D51C74800E1C1FA /* SecondViewController.m */; };
		DD18479B1D51C74800E1C1FA /* ThirdViewController.m in Sources */ = {isa = PBXBuildFile; fileRef = DD1847981D51C74800E1C1FA /* ThirdViewController.m */; };
		DD1847AB1D51C78600E1C1FA /* RootNavigationVC.m in Sources */ = {isa = PBXBuildFile; fileRef = DD18479E1D51C78600E1C1FA /* RootNavigationVC.m */; };
		DD1847AC1D51C78600E1C1FA /* RootVC.m in Sources */ = {isa = PBXBuildFile; fileRef = DD1847A01D51C78600E1C1FA /* RootVC.m */; };
		DD1847AD1D51C78600E1C1FA /* UIView+Other.m in Sources */ = {isa = PBXBuildFile; fileRef = DD1847A31D51C78600E1C1FA /* UIView+Other.m */; };
		DD1847AE1D51C78600E1C1FA /* YYBarButton.m in Sources */ = {isa = PBXBuildFile; fileRef = DD1847A61D51C78600E1C1FA /* YYBarButton.m */; };
		DD1847AF1D51C78600E1C1FA /* YYNavigationBar.m in Sources */ = {isa = PBXBuildFile; fileRef = DD1847A81D51C78600E1C1FA /* YYNavigationBar.m */; };
		DD1847B01D51C78600E1C1FA /* YYNavigationItem.m in Sources */ = {isa = PBXBuildFile; fileRef = DD1847AA1D51C78600E1C1FA /* YYNavigationItem.m */; };
		DD1847B31D51C8AB00E1C1FA /* Main.storyboard in Resources */ = {isa = PBXBuildFile; fileRef = DD1847B11D51C8AB00E1C1FA /* Main.storyboard */; };
		DDB55BA21D5AD2CD00B70890 /* OtherFirstVC.m in Sources */ = {isa = PBXBuildFile; fileRef = DDB55BA11D5AD2CD00B70890 /* OtherFirstVC.m */; };
		DDB55BA51D5AD2E400B70890 /* OtherSecondVC.m in Sources */ = {isa = PBXBuildFile; fileRef = DDB55BA41D5AD2E400B70890 /* OtherSecondVC.m */; };
		DDB55BA81D5ADCD300B70890 /* UIViewController+Other.m in Sources */ = {isa = PBXBuildFile; fileRef = DDB55BA71D5ADCD300B70890 /* UIViewController+Other.m */; };
/* End PBXBuildFile section */

/* Begin PBXFileReference section */
		DD1847711D51C61A00E1C1FA /* YYNavigationBarExample.app */ = {isa = PBXFileReference; explicitFileType = wrapper.application; includeInIndex = 0; path = YYNavigationBarExample.app; sourceTree = BUILT_PRODUCTS_DIR; };
		DD1847751D51C61A00E1C1FA /* main.m */ = {isa = PBXFileReference; lastKnownFileType = sourcecode.c.objc; path = main.m; sourceTree = "<group>"; };
		DD1847771D51C61A00E1C1FA /* AppDelegate.h */ = {isa = PBXFileReference; lastKnownFileType = sourcecode.c.h; path = AppDelegate.h; sourceTree = "<group>"; };
		DD1847781D51C61A00E1C1FA /* AppDelegate.m */ = {isa = PBXFileReference; lastKnownFileType = sourcecode.c.objc; path = AppDelegate.m; sourceTree = "<group>"; };
		DD1847831D51C61A00E1C1FA /* Assets.xcassets */ = {isa = PBXFileReference; lastKnownFileType = folder.assetcatalog; path = Assets.xcassets; sourceTree = "<group>"; };
		DD1847881D51C61A00E1C1FA /* Info.plist */ = {isa = PBXFileReference; lastKnownFileType = text.plist.xml; path = Info.plist; sourceTree = "<group>"; };
		DD1847901D51C70900E1C1FA /* PCHDefine.h */ = {isa = PBXFileReference; lastKnownFileType = sourcecode.c.h; path = PCHDefine.h; sourceTree = "<group>"; };
		DD1847911D51C70900E1C1FA /* PCHHeader.h */ = {isa = PBXFileReference; lastKnownFileType = sourcecode.c.h; path = PCHHeader.h; sourceTree = "<group>"; };
		DD1847921D51C70900E1C1FA /* PrefixHeader.pch */ = {isa = PBXFileReference; lastKnownFileType = sourcecode.c.h; path = PrefixHeader.pch; sourceTree = "<group>"; };
		DD1847931D51C74800E1C1FA /* FirstViewController.h */ = {isa = PBXFileReference; fileEncoding = 4; lastKnownFileType = sourcecode.c.h; path = FirstViewController.h; sourceTree = "<group>"; };
		DD1847941D51C74800E1C1FA /* FirstViewController.m */ = {isa = PBXFileReference; fileEncoding = 4; lastKnownFileType = sourcecode.c.objc; path = FirstViewController.m; sourceTree = "<group>"; };
		DD1847951D51C74800E1C1FA /* SecondViewController.h */ = {isa = PBXFileReference; fileEncoding = 4; lastKnownFileType = sourcecode.c.h; path = SecondViewController.h; sourceTree = "<group>"; };
		DD1847961D51C74800E1C1FA /* SecondViewController.m */ = {isa = PBXFileReference; fileEncoding = 4; lastKnownFileType = sourcecode.c.objc; path = SecondViewController.m; sourceTree = "<group>"; };
		DD1847971D51C74800E1C1FA /* ThirdViewController.h */ = {isa = PBXFileReference; fileEncoding = 4; lastKnownFileType = sourcecode.c.h; path = ThirdViewController.h; sourceTree = "<group>"; };
		DD1847981D51C74800E1C1FA /* ThirdViewController.m */ = {isa = PBXFileReference; fileEncoding = 4; lastKnownFileType = sourcecode.c.objc; path = ThirdViewController.m; sourceTree = "<group>"; };
		DD18479D1D51C78600E1C1FA /* RootNavigationVC.h */ = {isa = PBXFileReference; fileEncoding = 4; lastKnownFileType = sourcecode.c.h; path = RootNavigationVC.h; sourceTree = "<group>"; };
		DD18479E1D51C78600E1C1FA /* RootNavigationVC.m */ = {isa = PBXFileReference; fileEncoding = 4; lastKnownFileType = sourcecode.c.objc; path = RootNavigationVC.m; sourceTree = "<group>"; };
		DD18479F1D51C78600E1C1FA /* RootVC.h */ = {isa = PBXFileReference; fileEncoding = 4; lastKnownFileType = sourcecode.c.h; path = RootVC.h; sourceTree = "<group>"; };
		DD1847A01D51C78600E1C1FA /* RootVC.m */ = {isa = PBXFileReference; fileEncoding = 4; lastKnownFileType = sourcecode.c.objc; path = RootVC.m; sourceTree = "<group>"; };
		DD1847A21D51C78600E1C1FA /* UIView+Other.h */ = {isa = PBXFileReference; fileEncoding = 4; lastKnownFileType = sourcecode.c.h; path = "UIView+Other.h"; sourceTree = "<group>"; };
		DD1847A31D51C78600E1C1FA /* UIView+Other.m */ = {isa = PBXFileReference; fileEncoding = 4; lastKnownFileType = sourcecode.c.objc; path = "UIView+Other.m"; sourceTree = "<group>"; };
		DD1847A51D51C78600E1C1FA /* YYBarButton.h */ = {isa = PBXFileReference; fileEncoding = 4; lastKnownFileType = sourcecode.c.h; path = YYBarButton.h; sourceTree = "<group>"; };
		DD1847A61D51C78600E1C1FA /* YYBarButton.m */ = {isa = PBXFileReference; fileEncoding = 4; lastKnownFileType = sourcecode.c.objc; path = YYBarButton.m; sourceTree = "<group>"; };
		DD1847A71D51C78600E1C1FA /* YYNavigationBar.h */ = {isa = PBXFileReference; fileEncoding = 4; lastKnownFileType = sourcecode.c.h; path = YYNavigationBar.h; sourceTree = "<group>"; };
		DD1847A81D51C78600E1C1FA /* YYNavigationBar.m */ = {isa = PBXFileReference; fileEncoding = 4; lastKnownFileType = sourcecode.c.objc; path = YYNavigationBar.m; sourceTree = "<group>"; };
		DD1847A91D51C78600E1C1FA /* YYNavigationItem.h */ = {isa = PBXFileReference; fileEncoding = 4; lastKnownFileType = sourcecode.c.h; path = YYNavigationItem.h; sourceTree = "<group>"; };
		DD1847AA1D51C78600E1C1FA /* YYNavigationItem.m */ = {isa = PBXFileReference; fileEncoding = 4; lastKnownFileType = sourcecode.c.objc; path = YYNavigationItem.m; sourceTree = "<group>"; };
		DD1847B21D51C8AB00E1C1FA /* Base */ = {isa = PBXFileReference; lastKnownFileType = file.storyboard; name = Base; path = Base.lproj/Main.storyboard; sourceTree = "<group>"; };
		DDB55BA01D5AD2CD00B70890 /* OtherFirstVC.h */ = {isa = PBXFileReference; fileEncoding = 4; lastKnownFileType = sourcecode.c.h; path = OtherFirstVC.h; sourceTree = "<group>"; };
		DDB55BA11D5AD2CD00B70890 /* OtherFirstVC.m */ = {isa = PBXFileReference; fileEncoding = 4; lastKnownFileType = sourcecode.c.objc; path = OtherFirstVC.m; sourceTree = "<group>"; };
		DDB55BA31D5AD2E400B70890 /* OtherSecondVC.h */ = {isa = PBXFileReference; fileEncoding = 4; lastKnownFileType = sourcecode.c.h; path = OtherSecondVC.h; sourceTree = "<group>"; };
		DDB55BA41D5AD2E400B70890 /* OtherSecondVC.m */ = {isa = PBXFileReference; fileEncoding = 4; lastKnownFileType = sourcecode.c.objc; path = OtherSecondVC.m; sourceTree = "<group>"; };
		DDB55BA61D5ADCD300B70890 /* UIViewController+Other.h */ = {isa = PBXFileReference; fileEncoding = 4; lastKnownFileType = sourcecode.c.h; path = "UIViewController+Other.h"; sourceTree = "<group>"; };
		DDB55BA71D5ADCD300B70890 /* UIViewController+Other.m */ = {isa = PBXFileReference; fileEncoding = 4; lastKnownFileType = sourcecode.c.objc; path = "UIViewController+Other.m"; sourceTree = "<group>"; };
/* End PBXFileReference section */

/* Begin PBXFrameworksBuildPhase section */
		DD18476E1D51C61A00E1C1FA /* Frameworks */ = {
			isa = PBXFrameworksBuildPhase;
			buildActionMask = 2147483647;
			files = (
			);
			runOnlyForDeploymentPostprocessing = 0;
		};
/* End PBXFrameworksBuildPhase section */

/* Begin PBXGroup section */
		DD1847681D51C61A00E1C1FA = {
			isa = PBXGroup;
			children = (
				DD1847731D51C61A00E1C1FA /* YYNavigationBar */,
				DD1847721D51C61A00E1C1FA /* Products */,
			);
			sourceTree = "<group>";
		};
		DD1847721D51C61A00E1C1FA /* Products */ = {
			isa = PBXGroup;
			children = (
				DD1847711D51C61A00E1C1FA /* YYNavigationBarExample.app */,
			);
			name = Products;
			sourceTree = "<group>";
		};
		DD1847731D51C61A00E1C1FA /* YYNavigationBar */ = {
			isa = PBXGroup;
			children = (
				DD18479C1D51C78600E1C1FA /* RootVC */,
				DD1847A11D51C78600E1C1FA /* UIView+Other */,
				DD1847A41D51C78600E1C1FA /* YYNavigationBar */,
				DD1847771D51C61A00E1C1FA /* AppDelegate.h */,
				DD1847781D51C61A00E1C1FA /* AppDelegate.m */,
				DD1847931D51C74800E1C1FA /* FirstViewController.h */,
				DD1847941D51C74800E1C1FA /* FirstViewController.m */,
				DD1847951D51C74800E1C1FA /* SecondViewController.h */,
				DD1847961D51C74800E1C1FA /* SecondViewController.m */,
				DD1847971D51C74800E1C1FA /* ThirdViewController.h */,
				DD1847981D51C74800E1C1FA /* ThirdViewController.m */,
				DDB55BA01D5AD2CD00B70890 /* OtherFirstVC.h */,
				DDB55BA11D5AD2CD00B70890 /* OtherFirstVC.m */,
				DDB55BA31D5AD2E400B70890 /* OtherSecondVC.h */,
				DDB55BA41D5AD2E400B70890 /* OtherSecondVC.m */,
				DD1847B11D51C8AB00E1C1FA /* Main.storyboard */,
				DD1847831D51C61A00E1C1FA /* Assets.xcassets */,
				DD1847741D51C61A00E1C1FA /* Supporting Files */,
			);
			name = YYNavigationBar;
			path = YYNavigationBarExample;
			sourceTree = "<group>";
		};
		DD1847741D51C61A00E1C1FA /* Supporting Files */ = {
			isa = PBXGroup;
			children = (
				DD1847901D51C70900E1C1FA /* PCHDefine.h */,
				DD1847911D51C70900E1C1FA /* PCHHeader.h */,
				DD1847921D51C70900E1C1FA /* PrefixHeader.pch */,
				DD1847881D51C61A00E1C1FA /* Info.plist */,
				DD1847751D51C61A00E1C1FA /* main.m */,
			);
			name = "Supporting Files";
			sourceTree = "<group>";
		};
		DD18479C1D51C78600E1C1FA /* RootVC */ = {
			isa = PBXGroup;
			children = (
				DD18479D1D51C78600E1C1FA /* RootNavigationVC.h */,
				DD18479E1D51C78600E1C1FA /* RootNavigationVC.m */,
				DD18479F1D51C78600E1C1FA /* RootVC.h */,
				DD1847A01D51C78600E1C1FA /* RootVC.m */,
			);
			path = RootVC;
			sourceTree = SOURCE_ROOT;
		};
		DD1847A11D51C78600E1C1FA /* UIView+Other */ = {
			isa = PBXGroup;
			children = (
				DD1847A21D51C78600E1C1FA /* UIView+Other.h */,
				DD1847A31D51C78600E1C1FA /* UIView+Other.m */,
			);
			path = "UIView+Other";
			sourceTree = SOURCE_ROOT;
		};
		DD1847A41D51C78600E1C1FA /* YYNavigationBar */ = {
			isa = PBXGroup;
			children = (
				DD1847A51D51C78600E1C1FA /* YYBarButton.h */,
				DD1847A61D51C78600E1C1FA /* YYBarButton.m */,
				DD1847A71D51C78600E1C1FA /* YYNavigationBar.h */,
				DD1847A81D51C78600E1C1FA /* YYNavigationBar.m */,
				DD1847A91D51C78600E1C1FA /* YYNavigationItem.h */,
				DD1847AA1D51C78600E1C1FA /* YYNavigationItem.m */,
				DDB55BA61D5ADCD300B70890 /* UIViewController+Other.h */,
				DDB55BA71D5ADCD300B70890 /* UIViewController+Other.m */,
			);
			path = YYNavigationBar;
			sourceTree = SOURCE_ROOT;
		};
/* End PBXGroup section */

/* Begin PBXNativeTarget section */
		DD1847701D51C61A00E1C1FA /* YYNavigationBarExample */ = {
			isa = PBXNativeTarget;
			buildConfigurationList = DD18478B1D51C61A00E1C1FA /* Build configuration list for PBXNativeTarget "YYNavigationBarExample" */;
			buildPhases = (
				DD18476D1D51C61A00E1C1FA /* Sources */,
				DD18476E1D51C61A00E1C1FA /* Frameworks */,
				DD18476F1D51C61A00E1C1FA /* Resources */,
			);
			buildRules = (
			);
			dependencies = (
			);
			name = YYNavigationBarExample;
			productName = YYNavigationBar;
			productReference = DD1847711D51C61A00E1C1FA /* YYNavigationBarExample.app */;
			productType = "com.apple.product-type.application";
		};
/* End PBXNativeTarget section */

/* Begin PBXProject section */
		DD1847691D51C61A00E1C1FA /* Project object */ = {
			isa = PBXProject;
			attributes = {
				LastUpgradeCheck = 0730;
				ORGANIZATIONNAME = "机智的静默( http://www.cnblogs.com/jingmo/ )";
				TargetAttributes = {
					DD1847701D51C61A00E1C1FA = {
						CreatedOnToolsVersion = 7.3.1;
					};
				};
			};
			buildConfigurationList = DD18476C1D51C61A00E1C1FA /* Build configuration list for PBXProject "YYNavigationBarExample" */;
			compatibilityVersion = "Xcode 3.2";
			developmentRegion = English;
			hasScannedForEncodings = 0;
			knownRegions = (
				en,
				Base,
			);
			mainGroup = DD1847681D51C61A00E1C1FA;
			productRefGroup = DD1847721D51C61A00E1C1FA /* Products */;
			projectDirPath = "";
			projectRoot = "";
			targets = (
				DD1847701D51C61A00E1C1FA /* YYNavigationBarExample */,
			);
		};
/* End PBXProject section */

/* Begin PBXResourcesBuildPhase section */
		DD18476F1D51C61A00E1C1FA /* Resources */ = {
			isa = PBXResourcesBuildPhase;
			buildActionMask = 2147483647;
			files = (
				DD1847B31D51C8AB00E1C1FA /* Main.storyboard in Resources */,
				DD1847841D51C61A00E1C1FA /* Assets.xcassets in Resources */,
			);
			runOnlyForDeploymentPostprocessing = 0;
		};
/* End PBXResourcesBuildPhase section */

/* Begin PBXSourcesBuildPhase section */
		DD18476D1D51C61A00E1C1FA /* Sources */ = {
			isa = PBXSourcesBuildPhase;
			buildActionMask = 2147483647;
			files = (
				DD1847AC1D51C78600E1C1FA /* RootVC.m in Sources */,
				DD18479A1D51C74800E1C1FA /* SecondViewController.m in Sources */,
				DD18479B1D51C74800E1C1FA /* ThirdViewController.m in Sources */,
				DDB55BA81D5ADCD300B70890 /* UIViewController+Other.m in Sources */,
				DD1847791D51C61A00E1C1FA /* AppDelegate.m in Sources */,
				DDB55BA21D5AD2CD00B70890 /* OtherFirstVC.m in Sources */,
				DD1847991D51C74800E1C1FA /* FirstViewController.m in Sources */,
				DDB55BA51D5AD2E400B70890 /* OtherSecondVC.m in Sources */,
				DD1847AB1D51C78600E1C1FA /* RootNavigationVC.m in Sources */,
				DD1847761D51C61A00E1C1FA /* main.m in Sources */,
				DD1847AF1D51C78600E1C1FA /* YYNavigationBar.m in Sources */,
				DD1847AD1D51C78600E1C1FA /* UIView+Other.m in Sources */,
				DD1847AE1D51C78600E1C1FA /* YYBarButton.m in Sources */,
				DD1847B01D51C78600E1C1FA /* YYNavigationItem.m in Sources */,
			);
			runOnlyForDeploymentPostprocessing = 0;
		};
/* End PBXSourcesBuildPhase section */

/* Begin PBXVariantGroup section */
		DD1847B11D51C8AB00E1C1FA /* Main.storyboard */ = {
			isa = PBXVariantGroup;
			children = (
				DD1847B21D51C8AB00E1C1FA /* Base */,
			);
			name = Main.storyboard;
			sourceTree = "<group>";
		};
/* End PBXVariantGroup section */

/* Begin XCBuildConfiguration section */
		DD1847891D51C61A00E1C1FA /* Debug */ = {
			isa = XCBuildConfiguration;
			buildSettings = {
				ALWAYS_SEARCH_USER_PATHS = NO;
				CLANG_ANALYZER_NONNULL = YES;
				CLANG_CXX_LANGUAGE_STANDARD = "gnu++0x";
				CLANG_CXX_LIBRARY = "libc++";
				CLANG_ENABLE_MODULES = YES;
				CLANG_ENABLE_OBJC_ARC = YES;
				CLANG_WARN_BOOL_CONVERSION = YES;
				CLANG_WARN_CONSTANT_CONVERSION = YES;
				CLANG_WARN_DIRECT_OBJC_ISA_USAGE = YES_ERROR;
				CLANG_WARN_EMPTY_BODY = YES;
				CLANG_WARN_ENUM_CONVERSION = YES;
				CLANG_WARN_INT_CONVERSION = YES;
				CLANG_WARN_OBJC_ROOT_CLASS = YES_ERROR;
				CLANG_WARN_UNREACHABLE_CODE = YES;
				CLANG_WARN__DUPLICATE_METHOD_MATCH = YES;
				"CODE_SIGN_IDENTITY[sdk=iphoneos*]" = "iPhone Developer";
				COPY_PHASE_STRIP = NO;
				DEBUG_INFORMATION_FORMAT = dwarf;
				ENABLE_STRICT_OBJC_MSGSEND = YES;
				ENABLE_TESTABILITY = YES;
				GCC_C_LANGUAGE_STANDARD = gnu99;
				GCC_DYNAMIC_NO_PIC = NO;
				GCC_NO_COMMON_BLOCKS = YES;
				GCC_OPTIMIZATION_LEVEL = 0;
				GCC_PREPROCESSOR_DEFINITIONS = (
					"DEBUG=1",
					"$(inherited)",
				);
				GCC_WARN_64_TO_32_BIT_CONVERSION = YES;
				GCC_WARN_ABOUT_RETURN_TYPE = YES_ERROR;
				GCC_WARN_UNDECLARED_SELECTOR = YES;
				GCC_WARN_UNINITIALIZED_AUTOS = YES_AGGRESSIVE;
				GCC_WARN_UNUSED_FUNCTION = YES;
				GCC_WARN_UNUSED_VARIABLE = YES;
				IPHONEOS_DEPLOYMENT_TARGET = 9.3;
				MTL_ENABLE_DEBUG_INFO = YES;
				ONLY_ACTIVE_ARCH = YES;
				SDKROOT = iphoneos;
			};
			name = Debug;
		};
		DD18478A1D51C61A00E1C1FA /* Release */ = {
			isa = XCBuildConfiguration;
			buildSettings = {
				ALWAYS_SEARCH_USER_PATHS = NO;
				CLANG_ANALYZER_NONNULL = YES;
				CLANG_CXX_LANGUAGE_STANDARD = "gnu++0x";
				CLANG_CXX_LIBRARY = "libc++";
				CLANG_ENABLE_MODULES = YES;
				CLANG_ENABLE_OBJC_ARC = YES;
				CLANG_WARN_BOOL_CONVERSION = YES;
				CLANG_WARN_CONSTANT_CONVERSION = YES;
				CLANG_WARN_DIRECT_OBJC_ISA_USAGE = YES_ERROR;
				CLANG_WARN_EMPTY_BODY = YES;
				CLANG_WARN_ENUM_CONVERSION = YES;
				CLANG_WARN_INT_CONVERSION = YES;
				CLANG_WARN_OBJC_ROOT_CLASS = YES_ERROR;
				CLANG_WARN_UNREACHABLE_CODE = YES;
				CLANG_WARN__DUPLICATE_METHOD_MATCH = YES;
				"CODE_SIGN_IDENTITY[sdk=iphoneos*]" = "iPhone Developer";
				COPY_PHASE_STRIP = NO;
				DEBUG_INFORMATION_FORMAT = "dwarf-with-dsym";
				ENABLE_NS_ASSERTIONS = NO;
				ENABLE_STRICT_OBJC_MSGSEND = YES;
				GCC_C_LANGUAGE_STANDARD = gnu99;
				GCC_NO_COMMON_BLOCKS = YES;
				GCC_WARN_64_TO_32_BIT_CONVERSION = YES;
				GCC_WARN_ABOUT_RETURN_TYPE = YES_ERROR;
				GCC_WARN_UNDECLARED_SELECTOR = YES;
				GCC_WARN_UNINITIALIZED_AUTOS = YES_AGGRESSIVE;
				GCC_WARN_UNUSED_FUNCTION = YES;
				GCC_WARN_UNUSED_VARIABLE = YES;
				IPHONEOS_DEPLOYMENT_TARGET = 9.3;
				MTL_ENABLE_DEBUG_INFO = NO;
				SDKROOT = iphoneos;
				VALIDATE_PRODUCT = YES;
			};
			name = Release;
		};
		DD18478C1D51C61A00E1C1FA /* Debug */ = {
			isa = XCBuildConfiguration;
			buildSettings = {
				ASSETCATALOG_COMPILER_APPICON_NAME = AppIcon;
				ASSETCATALOG_COMPILER_LAUNCHIMAGE_NAME = LaunchImage;
				GCC_PREFIX_HEADER = "$(SRCROOT)/YYNavigationBarExample/PrefixHeader.pch";
				INFOPLIST_FILE = "$(SRCROOT)/YYNavigationBarExample/Info.plist";
				IPHONEOS_DEPLOYMENT_TARGET = 7.0;
				LD_RUNPATH_SEARCH_PATHS = "$(inherited) @executable_path/Frameworks";
				PRODUCT_BUNDLE_IDENTIFIER = com.self.YYNavigationBar;
				PRODUCT_NAME = YYNavigationBarExample;
			};
			name = Debug;
		};
		DD18478D1D51C61A00E1C1FA /* Release */ = {
			isa = XCBuildConfiguration;
			buildSettings = {
				ASSETCATALOG_COMPILER_APPICON_NAME = AppIcon;
				ASSETCATALOG_COMPILER_LAUNCHIMAGE_NAME = LaunchImage;
				GCC_PREFIX_HEADER = "$(SRCROOT)/YYNavigationBarExample/PrefixHeader.pch";
				INFOPLIST_FILE = "$(SRCROOT)/YYNavigationBarExample/Info.plist";
				IPHONEOS_DEPLOYMENT_TARGET = 7.0;
				LD_RUNPATH_SEARCH_PATHS = "$(inherited) @executable_path/Frameworks";
				PRODUCT_BUNDLE_IDENTIFIER = com.self.YYNavigationBar;
				PRODUCT_NAME = YYNavigationBarExample;
			};
			name = Release;
		};
/* End XCBuildConfiguration section */

/* Begin XCConfigurationList section */
		DD18476C1D51C61A00E1C1FA /* Build configuration list for PBXProject "YYNavigationBarExample" */ = {
			isa = XCConfigurationList;
			buildConfigurations = (
				DD1847891D51C61A00E1C1FA /* Debug */,
				DD18478A1D51C61A00E1C1FA /* Release */,
			);
			defaultConfigurationIsVisible = 0;
			defaultConfigurationName = Release;
		};
		DD18478B1D51C61A00E1C1FA /* Build configuration list for PBXNativeTarget "YYNavigationBarExample" */ = {
			isa = XCConfigurationList;
			buildConfigurations = (
				DD18478C1D51C61A00E1C1FA /* Debug */,
				DD18478D1D51C61A00E1C1FA /* Release */,
			);
			defaultConfigurationIsVisible = 0;
			defaultConfigurationName = Release;
		};
/* End XCConfigurationList section */
	};
	rootObject = DD1847691D51C61A00E1C1FA /* Project object */;
}
