// !$*UTF8*$!
{
	archiveVersion = 1;
	classes = {
	};
	objectVersion = 46;
	objects = {

/* Begin PBXBuildFile section */
		0742C4B827C4901F006C61B5 /* UIImage+YYHelper.m in Sources */ = {isa = PBXBuildFile; fileRef = 0742C4B727C4901F006C61B5 /* UIImage+YYHelper.m */; };
		078B7C3E2B71F93700566458 /* FourthViewController.m in Sources */ = {isa = PBXBuildFile; fileRef = 078B7C3D2B71F93700566458 /* FourthViewController.m */; };
		0A34B2F264F3E908A34A4FE7 /* libPods-YYNavigationExample.a in Frameworks */ = {isa = PBXBuildFile; fileRef = 3FCB7F1C538A2840563C2044 /* libPods-YYNavigationExample.a */; };
		DD1955AD1DD8E06F00FD3582 /* Main.storyboard in Resources */ = {isa = PBXBuildFile; fileRef = DD1955AB1DD8E06F00FD3582 /* Main.storyboard */; };
		DD1955B51DD8E08400FD3582 /* main.m in Sources */ = {isa = PBXBuildFile; fileRef = DD1955B01DD8E08400FD3582 /* main.m */; };
		DD1955B71DD8E08F00FD3582 /* Assets.xcassets in Resources */ = {isa = PBXBuildFile; fileRef = DD1955B61DD8E08F00FD3582 /* Assets.xcassets */; };
		DD1955BE1DD8E0A700FD3582 /* AppDelegate.m in Sources */ = {isa = PBXBuildFile; fileRef = DD1955B91DD8E0A700FD3582 /* AppDelegate.m */; };
		DD1955BF1DD8E0A700FD3582 /* FirstViewController.m in Sources */ = {isa = PBXBuildFile; fileRef = DD1955BB1DD8E0A700FD3582 /* FirstViewController.m */; };
		DD1955C01DD8E0A700FD3582 /* SecondViewController.m in Sources */ = {isa = PBXBuildFile; fileRef = DD1955BD1DD8E0A700FD3582 /* SecondViewController.m */; };
		DD92E4691DF28A23001A3624 /* ThirdViewController.m in Sources */ = {isa = PBXBuildFile; fileRef = DD92E4681DF28A23001A3624 /* ThirdViewController.m */; };
/* End PBXBuildFile section */

/* Begin PBXFileReference section */
		0742C4B627C4901F006C61B5 /* UIImage+YYHelper.h */ = {isa = PBXFileReference; lastKnownFileType = sourcecode.c.h; name = "UIImage+YYHelper.h"; path = "Category/UIImage+YYHelper.h"; sourceTree = "<group>"; };
		0742C4B727C4901F006C61B5 /* UIImage+YYHelper.m */ = {isa = PBXFileReference; lastKnownFileType = sourcecode.c.objc; name = "UIImage+YYHelper.m"; path = "Category/UIImage+YYHelper.m"; sourceTree = "<group>"; };
		078B7C3C2B71F93700566458 /* FourthViewController.h */ = {isa = PBXFileReference; lastKnownFileType = sourcecode.c.h; path = FourthViewController.h; sourceTree = "<group>"; };
		078B7C3D2B71F93700566458 /* FourthViewController.m */ = {isa = PBXFileReference; lastKnownFileType = sourcecode.c.objc; path = FourthViewController.m; sourceTree = "<group>"; };
		3FCB7F1C538A2840563C2044 /* libPods-YYNavigationExample.a */ = {isa = PBXFileReference; explicitFileType = archive.ar; includeInIndex = 0; path = "libPods-YYNavigationExample.a"; sourceTree = BUILT_PRODUCTS_DIR; };
		AE3A322A7DDCE726233FC175 /* Pods-YYNavigationExample.debug.xcconfig */ = {isa = PBXFileReference; includeInIndex = 1; lastKnownFileType = text.xcconfig; name = "Pods-YYNavigationExample.debug.xcconfig"; path = "Pods/Target Support Files/Pods-YYNavigationExample/Pods-YYNavigationExample.debug.xcconfig"; sourceTree = "<group>"; };
		BEA0C048AE0DE50FF925779E /* Pods-YYNavigationExample.release.xcconfig */ = {isa = PBXFileReference; includeInIndex = 1; lastKnownFileType = text.xcconfig; name = "Pods-YYNavigationExample.release.xcconfig"; path = "Pods/Target Support Files/Pods-YYNavigationExample/Pods-YYNavigationExample.release.xcconfig"; sourceTree = "<group>"; };
		DD1847711D51C61A00E1C1FA /* YYNavigationExample.app */ = {isa = PBXFileReference; explicitFileType = wrapper.application; includeInIndex = 0; path = YYNavigationExample.app; sourceTree = BUILT_PRODUCTS_DIR; };
		DD1955AC1DD8E06F00FD3582 /* Base */ = {isa = PBXFileReference; lastKnownFileType = file.storyboard; name = Base; path = YYNavigationExample/Base.lproj/Main.storyboard; sourceTree = SOURCE_ROOT; };
		DD1955AF1DD8E08400FD3582 /* Info.plist */ = {isa = PBXFileReference; fileEncoding = 4; lastKnownFileType = text.plist.xml; name = Info.plist; path = YYNavigationExample/Info.plist; sourceTree = SOURCE_ROOT; };
		DD1955B01DD8E08400FD3582 /* main.m */ = {isa = PBXFileReference; fileEncoding = 4; lastKnownFileType = sourcecode.c.objc; name = main.m; path = YYNavigationExample/main.m; sourceTree = SOURCE_ROOT; };
		DD1955B61DD8E08F00FD3582 /* Assets.xcassets */ = {isa = PBXFileReference; lastKnownFileType = folder.assetcatalog; name = Assets.xcassets; path = YYNavigationExample/Assets.xcassets; sourceTree = SOURCE_ROOT; };
		DD1955B81DD8E0A700FD3582 /* AppDelegate.h */ = {isa = PBXFileReference; fileEncoding = 4; lastKnownFileType = sourcecode.c.h; name = AppDelegate.h; path = YYNavigationExample/AppDelegate.h; sourceTree = SOURCE_ROOT; };
		DD1955B91DD8E0A700FD3582 /* AppDelegate.m */ = {isa = PBXFileReference; fileEncoding = 4; lastKnownFileType = sourcecode.c.objc; name = AppDelegate.m; path = YYNavigationExample/AppDelegate.m; sourceTree = SOURCE_ROOT; };
		DD1955BA1DD8E0A700FD3582 /* FirstViewController.h */ = {isa = PBXFileReference; fileEncoding = 4; lastKnownFileType = sourcecode.c.h; name = FirstViewController.h; path = YYNavigationExample/FirstViewController.h; sourceTree = SOURCE_ROOT; };
		DD1955BB1DD8E0A700FD3582 /* FirstViewController.m */ = {isa = PBXFileReference; fileEncoding = 4; lastKnownFileType = sourcecode.c.objc; name = FirstViewController.m; path = YYNavigationExample/FirstViewController.m; sourceTree = SOURCE_ROOT; };
		DD1955BC1DD8E0A700FD3582 /* SecondViewController.h */ = {isa = PBXFileReference; fileEncoding = 4; lastKnownFileType = sourcecode.c.h; name = SecondViewController.h; path = YYNavigationExample/SecondViewController.h; sourceTree = SOURCE_ROOT; };
		DD1955BD1DD8E0A700FD3582 /* SecondViewController.m */ = {isa = PBXFileReference; fileEncoding = 4; lastKnownFileType = sourcecode.c.objc; name = SecondViewController.m; path = YYNavigationExample/SecondViewController.m; sourceTree = SOURCE_ROOT; };
		DD92E4671DF28A23001A3624 /* ThirdViewController.h */ = {isa = PBXFileReference; fileEncoding = 4; lastKnownFileType = sourcecode.c.h; name = ThirdViewController.h; path = YYNavigationExample/ThirdViewController.h; sourceTree = SOURCE_ROOT; };
		DD92E4681DF28A23001A3624 /* ThirdViewController.m */ = {isa = PBXFileReference; fileEncoding = 4; lastKnownFileType = sourcecode.c.objc; name = ThirdViewController.m; path = YYNavigationExample/ThirdViewController.m; sourceTree = SOURCE_ROOT; };
/* End PBXFileReference section */

/* Begin PBXFrameworksBuildPhase section */
		DD18476E1D51C61A00E1C1FA /* Frameworks */ = {
			isa = PBXFrameworksBuildPhase;
			buildActionMask = 2147483647;
			files = (
				0A34B2F264F3E908A34A4FE7 /* libPods-YYNavigationExample.a in Frameworks */,
			);
			runOnlyForDeploymentPostprocessing = 0;
		};
/* End PBXFrameworksBuildPhase section */

/* Begin PBXGroup section */
		0742C4B527C48FFA006C61B5 /* Category */ = {
			isa = PBXGroup;
			children = (
				0742C4B627C4901F006C61B5 /* UIImage+YYHelper.h */,
				0742C4B727C4901F006C61B5 /* UIImage+YYHelper.m */,
			);
			name = Category;
			sourceTree = "<group>";
		};
		CC5DCCBEDE74565C8786DA9B /* Frameworks */ = {
			isa = PBXGroup;
			children = (
				3FCB7F1C538A2840563C2044 /* libPods-YYNavigationExample.a */,
			);
			name = Frameworks;
			sourceTree = "<group>";
		};
		DD1847681D51C61A00E1C1FA = {
			isa = PBXGroup;
			children = (
				DD1847731D51C61A00E1C1FA /* YYNavigationExample */,
				DD1847721D51C61A00E1C1FA /* Products */,
				EF6F4741E4B7FD9E0D1A80E5 /* Pods */,
				CC5DCCBEDE74565C8786DA9B /* Frameworks */,
			);
			sourceTree = "<group>";
		};
		DD1847721D51C61A00E1C1FA /* Products */ = {
			isa = PBXGroup;
			children = (
				DD1847711D51C61A00E1C1FA /* YYNavigationExample.app */,
			);
			name = Products;
			sourceTree = "<group>";
		};
		DD1847731D51C61A00E1C1FA /* YYNavigationExample */ = {
			isa = PBXGroup;
			children = (
				0742C4B527C48FFA006C61B5 /* Category */,
				DD1955B81DD8E0A700FD3582 /* AppDelegate.h */,
				DD1955B91DD8E0A700FD3582 /* AppDelegate.m */,
				DD1955BA1DD8E0A700FD3582 /* FirstViewController.h */,
				DD1955BB1DD8E0A700FD3582 /* FirstViewController.m */,
				DD1955BC1DD8E0A700FD3582 /* SecondViewController.h */,
				DD1955BD1DD8E0A700FD3582 /* SecondViewController.m */,
				DD92E4671DF28A23001A3624 /* ThirdViewController.h */,
				DD92E4681DF28A23001A3624 /* ThirdViewController.m */,
				078B7C3C2B71F93700566458 /* FourthViewController.h */,
				078B7C3D2B71F93700566458 /* FourthViewController.m */,
				DD1955B61DD8E08F00FD3582 /* Assets.xcassets */,
				DD1955AB1DD8E06F00FD3582 /* Main.storyboard */,
				DD1955AE1DD8E07700FD3582 /* Supporting Files */,
			);
			path = YYNavigationExample;
			sourceTree = "<group>";
		};
		DD1955AE1DD8E07700FD3582 /* Supporting Files */ = {
			isa = PBXGroup;
			children = (
				DD1955AF1DD8E08400FD3582 /* Info.plist */,
				DD1955B01DD8E08400FD3582 /* main.m */,
			);
			name = "Supporting Files";
			sourceTree = "<group>";
		};
		EF6F4741E4B7FD9E0D1A80E5 /* Pods */ = {
			isa = PBXGroup;
			children = (
				AE3A322A7DDCE726233FC175 /* Pods-YYNavigationExample.debug.xcconfig */,
				BEA0C048AE0DE50FF925779E /* Pods-YYNavigationExample.release.xcconfig */,
			);
			name = Pods;
			sourceTree = "<group>";
		};
/* End PBXGroup section */

/* Begin PBXNativeTarget section */
		DD1847701D51C61A00E1C1FA /* YYNavigationExample */ = {
			isa = PBXNativeTarget;
			buildConfigurationList = DD18478B1D51C61A00E1C1FA /* Build configuration list for PBXNativeTarget "YYNavigationExample" */;
			buildPhases = (
				3130DC2F02177341D0E88ABD /* [CP] Check Pods Manifest.lock */,
				DD18476D1D51C61A00E1C1FA /* Sources */,
				DD18476E1D51C61A00E1C1FA /* Frameworks */,
				DD18476F1D51C61A00E1C1FA /* Resources */,
				FDDD47268EAADBEC7DF6880C /* [CP] Copy Pods Resources */,
			);
			buildRules = (
			);
			dependencies = (
			);
			name = YYNavigationExample;
			productName = YYNavigationBar;
			productReference = DD1847711D51C61A00E1C1FA /* YYNavigationExample.app */;
			productType = "com.apple.product-type.application";
		};
/* End PBXNativeTarget section */

/* Begin PBXProject section */
		DD1847691D51C61A00E1C1FA /* Project object */ = {
			isa = PBXProject;
			attributes = {
				CLASSPREFIX = YY;
				LastUpgradeCheck = 0900;
				ORGANIZATIONNAME = "机智的静默( http://www.cnblogs.com/jingmo/ )";
				TargetAttributes = {
					DD1847701D51C61A00E1C1FA = {
						CreatedOnToolsVersion = 7.3.1;
						DevelopmentTeam = 2Q5N65WG6P;
					};
				};
			};
			buildConfigurationList = DD18476C1D51C61A00E1C1FA /* Build configuration list for PBXProject "YYNavigationExample" */;
			compatibilityVersion = "Xcode 3.2";
			developmentRegion = English;
			hasScannedForEncodings = 0;
			knownRegions = (
				English,
				en,
				Base,
			);
			mainGroup = DD1847681D51C61A00E1C1FA;
			productRefGroup = DD1847721D51C61A00E1C1FA /* Products */;
			projectDirPath = "";
			projectRoot = "";
			targets = (
				DD1847701D51C61A00E1C1FA /* YYNavigationExample */,
			);
		};
/* End PBXProject section */

/* Begin PBXResourcesBuildPhase section */
		DD18476F1D51C61A00E1C1FA /* Resources */ = {
			isa = PBXResourcesBuildPhase;
			buildActionMask = 2147483647;
			files = (
				DD1955B71DD8E08F00FD3582 /* Assets.xcassets in Resources */,
				DD1955AD1DD8E06F00FD3582 /* Main.storyboard in Resources */,
			);
			runOnlyForDeploymentPostprocessing = 0;
		};
/* End PBXResourcesBuildPhase section */

/* Begin PBXShellScriptBuildPhase section */
		3130DC2F02177341D0E88ABD /* [CP] Check Pods Manifest.lock */ = {
			isa = PBXShellScriptBuildPhase;
			buildActionMask = 2147483647;
			files = (
			);
			inputPaths = (
				"${PODS_PODFILE_DIR_PATH}/Podfile.lock",
				"${PODS_ROOT}/Manifest.lock",
			);
			name = "[CP] Check Pods Manifest.lock";
			outputPaths = (
				"$(DERIVED_FILE_DIR)/Pods-YYNavigationExample-checkManifestLockResult.txt",
			);
			runOnlyForDeploymentPostprocessing = 0;
			shellPath = /bin/sh;
			shellScript = "diff \"${PODS_PODFILE_DIR_PATH}/Podfile.lock\" \"${PODS_ROOT}/Manifest.lock\" > /dev/null\nif [ $? != 0 ] ; then\n    # print error to STDERR\n    echo \"error: The sandbox is not in sync with the Podfile.lock. Run 'pod install' or update your CocoaPods installation.\" >&2\n    exit 1\nfi\n# This output is used by Xcode 'outputs' to avoid re-running this script phase.\necho \"SUCCESS\" > \"${SCRIPT_OUTPUT_FILE_0}\"\n";
			showEnvVarsInLog = 0;
		};
		FDDD47268EAADBEC7DF6880C /* [CP] Copy Pods Resources */ = {
			isa = PBXShellScriptBuildPhase;
			buildActionMask = 2147483647;
			files = (
			);
			inputPaths = (
				"${PODS_ROOT}/Target Support Files/Pods-YYNavigationExample/Pods-YYNavigationExample-resources.sh",
				"${PODS_CONFIGURATION_BUILD_DIR}/YYNavigation/YYNavigation.bundle",
			);
			name = "[CP] Copy Pods Resources";
			outputPaths = (
				"${TARGET_BUILD_DIR}/${UNLOCALIZED_RESOURCES_FOLDER_PATH}/YYNavigation.bundle",
			);
			runOnlyForDeploymentPostprocessing = 0;
			shellPath = /bin/sh;
			shellScript = "\"${PODS_ROOT}/Target Support Files/Pods-YYNavigationExample/Pods-YYNavigationExample-resources.sh\"\n";
			showEnvVarsInLog = 0;
		};
/* End PBXShellScriptBuildPhase section */

/* Begin PBXSourcesBuildPhase section */
		DD18476D1D51C61A00E1C1FA /* Sources */ = {
			isa = PBXSourcesBuildPhase;
			buildActionMask = 2147483647;
			files = (
				DD92E4691DF28A23001A3624 /* ThirdViewController.m in Sources */,
				DD1955C01DD8E0A700FD3582 /* SecondViewController.m in Sources */,
				DD1955BE1DD8E0A700FD3582 /* AppDelegate.m in Sources */,
				DD1955BF1DD8E0A700FD3582 /* FirstViewController.m in Sources */,
				DD1955B51DD8E08400FD3582 /* main.m in Sources */,
				078B7C3E2B71F93700566458 /* FourthViewController.m in Sources */,
				0742C4B827C4901F006C61B5 /* UIImage+YYHelper.m in Sources */,
			);
			runOnlyForDeploymentPostprocessing = 0;
		};
/* End PBXSourcesBuildPhase section */

/* Begin PBXVariantGroup section */
		DD1955AB1DD8E06F00FD3582 /* Main.storyboard */ = {
			isa = PBXVariantGroup;
			children = (
				DD1955AC1DD8E06F00FD3582 /* Base */,
			);
			name = Main.storyboard;
			sourceTree = "<group>";
		};
/* End PBXVariantGroup section */

/* Begin XCBuildConfiguration section */
		DD1847891D51C61A00E1C1FA /* Debug */ = {
			isa = XCBuildConfiguration;
			buildSettings = {
				ALWAYS_SEARCH_USER_PATHS = NO;
				CLANG_ANALYZER_NONNULL = YES;
				CLANG_CXX_LANGUAGE_STANDARD = "gnu++0x";
				CLANG_CXX_LIBRARY = "libc++";
				CLANG_ENABLE_MODULES = YES;
				CLANG_ENABLE_OBJC_ARC = YES;
				CLANG_WARN_BLOCK_CAPTURE_AUTORELEASING = YES;
				CLANG_WARN_BOOL_CONVERSION = YES;
				CLANG_WARN_COMMA = YES;
				CLANG_WARN_CONSTANT_CONVERSION = YES;
				CLANG_WARN_DIRECT_OBJC_ISA_USAGE = YES_ERROR;
				CLANG_WARN_EMPTY_BODY = YES;
				CLANG_WARN_ENUM_CONVERSION = YES;
				CLANG_WARN_INFINITE_RECURSION = YES;
				CLANG_WARN_INT_CONVERSION = YES;
				CLANG_WARN_NON_LITERAL_NULL_CONVERSION = YES;
				CLANG_WARN_OBJC_LITERAL_CONVERSION = YES;
				CLANG_WARN_OBJC_ROOT_CLASS = YES_ERROR;
				CLANG_WARN_RANGE_LOOP_ANALYSIS = YES;
				CLANG_WARN_STRICT_PROTOTYPES = YES;
				CLANG_WARN_SUSPICIOUS_MOVE = YES;
				CLANG_WARN_UNREACHABLE_CODE = YES;
				CLANG_WARN__DUPLICATE_METHOD_MATCH = YES;
				"CODE_SIGN_IDENTITY[sdk=iphoneos*]" = "iPhone Developer";
				COPY_PHASE_STRIP = NO;
				DEBUG_INFORMATION_FORMAT = dwarf;
				ENABLE_STRICT_OBJC_MSGSEND = YES;
				ENABLE_TESTABILITY = YES;
				GCC_C_LANGUAGE_STANDARD = gnu99;
				GCC_DYNAMIC_NO_PIC = NO;
				GCC_NO_COMMON_BLOCKS = YES;
				GCC_OPTIMIZATION_LEVEL = 0;
				GCC_PREPROCESSOR_DEFINITIONS = (
					"DEBUG=1",
					"$(inherited)",
				);
				GCC_WARN_64_TO_32_BIT_CONVERSION = YES;
				GCC_WARN_ABOUT_RETURN_TYPE = YES_ERROR;
				GCC_WARN_UNDECLARED_SELECTOR = YES;
				GCC_WARN_UNINITIALIZED_AUTOS = YES_AGGRESSIVE;
				GCC_WARN_UNUSED_FUNCTION = YES;
				GCC_WARN_UNUSED_VARIABLE = YES;
				IPHONEOS_DEPLOYMENT_TARGET = 9.3;
				MTL_ENABLE_DEBUG_INFO = YES;
				ONLY_ACTIVE_ARCH = YES;
				SDKROOT = iphoneos;
			};
			name = Debug;
		};
		DD18478A1D51C61A00E1C1FA /* Release */ = {
			isa = XCBuildConfiguration;
			buildSettings = {
				ALWAYS_SEARCH_USER_PATHS = NO;
				CLANG_ANALYZER_NONNULL = YES;
				CLANG_CXX_LANGUAGE_STANDARD = "gnu++0x";
				CLANG_CXX_LIBRARY = "libc++";
				CLANG_ENABLE_MODULES = YES;
				CLANG_ENABLE_OBJC_ARC = YES;
				CLANG_WARN_BLOCK_CAPTURE_AUTORELEASING = YES;
				CLANG_WARN_BOOL_CONVERSION = YES;
				CLANG_WARN_COMMA = YES;
				CLANG_WARN_CONSTANT_CONVERSION = YES;
				CLANG_WARN_DIRECT_OBJC_ISA_USAGE = YES_ERROR;
				CLANG_WARN_EMPTY_BODY = YES;
				CLANG_WARN_ENUM_CONVERSION = YES;
				CLANG_WARN_INFINITE_RECURSION = YES;
				CLANG_WARN_INT_CONVERSION = YES;
				CLANG_WARN_NON_LITERAL_NULL_CONVERSION = YES;
				CLANG_WARN_OBJC_LITERAL_CONVERSION = YES;
				CLANG_WARN_OBJC_ROOT_CLASS = YES_ERROR;
				CLANG_WARN_RANGE_LOOP_ANALYSIS = YES;
				CLANG_WARN_STRICT_PROTOTYPES = YES;
				CLANG_WARN_SUSPICIOUS_MOVE = YES;
				CLANG_WARN_UNREACHABLE_CODE = YES;
				CLANG_WARN__DUPLICATE_METHOD_MATCH = YES;
				"CODE_SIGN_IDENTITY[sdk=iphoneos*]" = "iPhone Developer";
				COPY_PHASE_STRIP = NO;
				DEBUG_INFORMATION_FORMAT = "dwarf-with-dsym";
				ENABLE_NS_ASSERTIONS = NO;
				ENABLE_STRICT_OBJC_MSGSEND = YES;
				GCC_C_LANGUAGE_STANDARD = gnu99;
				GCC_NO_COMMON_BLOCKS = YES;
				GCC_WARN_64_TO_32_BIT_CONVERSION = YES;
				GCC_WARN_ABOUT_RETURN_TYPE = YES_ERROR;
				GCC_WARN_UNDECLARED_SELECTOR = YES;
				GCC_WARN_UNINITIALIZED_AUTOS = YES_AGGRESSIVE;
				GCC_WARN_UNUSED_FUNCTION = YES;
				GCC_WARN_UNUSED_VARIABLE = YES;
				IPHONEOS_DEPLOYMENT_TARGET = 9.3;
				MTL_ENABLE_DEBUG_INFO = NO;
				SDKROOT = iphoneos;
				VALIDATE_PRODUCT = YES;
			};
			name = Release;
		};
		DD18478C1D51C61A00E1C1FA /* Debug */ = {
			isa = XCBuildConfiguration;
			baseConfigurationReference = AE3A322A7DDCE726233FC175 /* Pods-YYNavigationExample.debug.xcconfig */;
			buildSettings = {
				ASSETCATALOG_COMPILER_APPICON_NAME = AppIcon;
				ASSETCATALOG_COMPILER_LAUNCHIMAGE_NAME = LaunchImage;
				CODE_SIGN_IDENTITY = "iPhone Developer";
				"CODE_SIGN_IDENTITY[sdk=iphoneos*]" = "iPhone Developer";
				CURRENT_PROJECT_VERSION = 2022.02.22;
				DEVELOPMENT_TEAM = 2Q5N65WG6P;
				GCC_PREFIX_HEADER = "";
				INFOPLIST_FILE = "$(SRCROOT)/YYNavigationExample/Info.plist";
				IPHONEOS_DEPLOYMENT_TARGET = 9.0;
				LD_RUNPATH_SEARCH_PATHS = "$(inherited) @executable_path/Frameworks";
				MARKETING_VERSION = 3.0.0;
				PRODUCT_BUNDLE_IDENTIFIER = com.yown.YYNavigation;
				PRODUCT_NAME = YYNavigationExample;
				PROVISIONING_PROFILE = "";
			};
			name = Debug;
		};
		DD18478D1D51C61A00E1C1FA /* Release */ = {
			isa = XCBuildConfiguration;
			baseConfigurationReference = BEA0C048AE0DE50FF925779E /* Pods-YYNavigationExample.release.xcconfig */;
			buildSettings = {
				ASSETCATALOG_COMPILER_APPICON_NAME = AppIcon;
				ASSETCATALOG_COMPILER_LAUNCHIMAGE_NAME = LaunchImage;
				CODE_SIGN_IDENTITY = "iPhone Developer";
				"CODE_SIGN_IDENTITY[sdk=iphoneos*]" = "iPhone Developer";
				CURRENT_PROJECT_VERSION = 2022.02.22;
				DEVELOPMENT_TEAM = 2Q5N65WG6P;
				GCC_PREFIX_HEADER = "";
				INFOPLIST_FILE = "$(SRCROOT)/YYNavigationExample/Info.plist";
				IPHONEOS_DEPLOYMENT_TARGET = 9.0;
				LD_RUNPATH_SEARCH_PATHS = "$(inherited) @executable_path/Frameworks";
				MARKETING_VERSION = 3.0.0;
				PRODUCT_BUNDLE_IDENTIFIER = com.yown.YYNavigation;
				PRODUCT_NAME = YYNavigationExample;
				PROVISIONING_PROFILE = "";
			};
			name = Release;
		};
/* End XCBuildConfiguration section */

/* Begin XCConfigurationList section */
		DD18476C1D51C61A00E1C1FA /* Build configuration list for PBXProject "YYNavigationExample" */ = {
			isa = XCConfigurationList;
			buildConfigurations = (
				DD1847891D51C61A00E1C1FA /* Debug */,
				DD18478A1D51C61A00E1C1FA /* Release */,
			);
			defaultConfigurationIsVisible = 0;
			defaultConfigurationName = Release;
		};
		DD18478B1D51C61A00E1C1FA /* Build configuration list for PBXNativeTarget "YYNavigationExample" */ = {
			isa = XCConfigurationList;
			buildConfigurations = (
				DD18478C1D51C61A00E1C1FA /* Debug */,
				DD18478D1D51C61A00E1C1FA /* Release */,
			);
			defaultConfigurationIsVisible = 0;
			defaultConfigurationName = Release;
		};
/* End XCConfigurationList section */
	};
	rootObject = DD1847691D51C61A00E1C1FA /* Project object */;
}
